<?xml version="1.0" encoding="utf-8"?>
<Project ToolsVersion="4.0" xmlns="http://schemas.microsoft.com/developer/msbuild/2003">
  <ItemGroup>
    <Filter Include="Source Files">
      <UniqueIdentifier>{c68c50bc-7491-4e79-af38-3bdabf88ba59}</UniqueIdentifier>
    </Filter>
    <Filter Include="Generated Files">
      <UniqueIdentifier>{0e7c7e9a-b5db-426d-affd-2246148a881e}</UniqueIdentifier>
      <SourceControlFiles>False</SourceControlFiles>
    </Filter>
  </ItemGroup>
  <ItemGroup>
    <None Include="ServerComps.def" />
  </ItemGroup>
  <ItemGroup>
    <ClCompile Include="ServerCom_i.c">
      <Filter>Generated Files</Filter>
    </ClCompile>
    <ClCompile Include="ServerCom_p.c">
      <Filter>Generated Files</Filter>
    </ClCompile>
    <ClCompile Include="dlldata.c">
      <Filter>Generated Files</Filter>
    </ClCompile>
  </ItemGroup>
</Project>