
Microsoft Visual Studio Solution File, Format Version 12.00
# Visual Studio 14
VisualStudioVersion = 14.0.25420.1
MinimumVisualStudioVersion = 10.0.40219.1
Project("{FAE04EC0-301F-11D3-BF4B-00C04F79EFBC}") = "ClientCom", "ClientCom\ClientCom.csproj", "{19C45256-A72E-4E9B-A865-A7374985563E}"
EndProject
Global
	GlobalSection(SolutionConfigurationPlatforms) = preSolution
		Debug|Any CPU = Debug|Any CPU
		Release|Any CPU = Release|Any CPU
	EndGlobalSection
	GlobalSection(ProjectConfigurationPlatforms) = postSolution
		{19C45256-A72E-4E9B-A865-A7374985563E}.Debug|Any CPU.ActiveCfg = Debug|Any CPU
		{19C45256-A72E-4E9B-A865-A7374985563E}.Debug|Any CPU.Build.0 = Debug|Any CPU
		{19C45256-A72E-4E9B-A865-A7374985563E}.Release|Any CPU.ActiveCfg = Release|Any CPU
		{19C45256-A72E-4E9B-A865-A7374985563E}.Release|Any CPU.Build.0 = Release|Any CPU
	EndGlobalSection
	GlobalSection(SolutionProperties) = preSolution
		HideSolutionNode = FALSE
	EndGlobalSection
EndGlobal
