
Microsoft Visual Studio Solution File, Format Version 12.00
# Visual Studio 14
VisualStudioVersion = 14.0.25420.1
MinimumVisualStudioVersion = 10.0.40219.1
Project("{8BC9CEB8-8B4A-11D0-8D11-00A0C91BC942}") = "ServerCom", "ServerCom\ServerCom.vcxproj", "{666D1D03-642D-4B34-95F5-70E14ECC670C}"
EndProject
Project("{8BC9CEB8-8B4A-11D0-8D11-00A0C91BC942}") = "ServerComPS", "ServerCom\ServerComPS.vcxproj", "{0F72C72C-DB01-4FE8-9F0E-5D0EA4E5EF7D}"
	ProjectSection(ProjectDependencies) = postProject
		{666D1D03-642D-4B34-95F5-70E14ECC670C} = {666D1D03-642D-4B34-95F5-70E14ECC670C}
	EndProjectSection
EndProject
Global
	GlobalSection(SolutionConfigurationPlatforms) = preSolution
		Debug|x64 = Debug|x64
		Debug|x86 = Debug|x86
		Release|x64 = Release|x64
		Release|x86 = Release|x86
	EndGlobalSection
	GlobalSection(ProjectConfigurationPlatforms) = postSolution
		{666D1D03-642D-4B34-95F5-70E14ECC670C}.Debug|x64.ActiveCfg = Debug|x64
		{666D1D03-642D-4B34-95F5-70E14ECC670C}.Debug|x64.Build.0 = Debug|x64
		{666D1D03-642D-4B34-95F5-70E14ECC670C}.Debug|x86.ActiveCfg = Debug|Win32
		{666D1D03-642D-4B34-95F5-70E14ECC670C}.Debug|x86.Build.0 = Debug|Win32
		{666D1D03-642D-4B34-95F5-70E14ECC670C}.Release|x64.ActiveCfg = Release|x64
		{666D1D03-642D-4B34-95F5-70E14ECC670C}.Release|x64.Build.0 = Release|x64
		{666D1D03-642D-4B34-95F5-70E14ECC670C}.Release|x86.ActiveCfg = Release|Win32
		{666D1D03-642D-4B34-95F5-70E14ECC670C}.Release|x86.Build.0 = Release|Win32
		{0F72C72C-DB01-4FE8-9F0E-5D0EA4E5EF7D}.Debug|x64.ActiveCfg = Debug|x64
		{0F72C72C-DB01-4FE8-9F0E-5D0EA4E5EF7D}.Debug|x86.ActiveCfg = Debug|Win32
		{0F72C72C-DB01-4FE8-9F0E-5D0EA4E5EF7D}.Release|x64.ActiveCfg = Release|x64
		{0F72C72C-DB01-4FE8-9F0E-5D0EA4E5EF7D}.Release|x86.ActiveCfg = Release|Win32
	EndGlobalSection
	GlobalSection(SolutionProperties) = preSolution
		HideSolutionNode = FALSE
	EndGlobalSection
EndGlobal
